{
  "originHash" : "c46841267e65c606ef7cbd1197c6296bee6222054f8ca68fa4e945f7aab03086",
  "pins" : [
    {
      "identity" : "abseil-cpp-binary",
      "kind" : "remoteSourceControl",
      "location" : "https://github.com/google/abseil-cpp-binary.git",
      "state" : {
        "revision" : "bbe8b69694d7873315fd3a4ad41efe043e1c07c5",
        "version" : "1.2024072200.0"
      }
    },
    {
      "identity" : "app-check",
      "kind" : "remoteSourceControl",
      "location" : "https://github.com/google/app-check.git",
      "state" : {
        "revision" : "61b85103a1aeed8218f17c794687781505fbbef5",
        "version" : "11.2.0"
      }
    },
    {
      "identity" : "asyncbluetooth",
      "kind" : "remoteSourceControl",
      "location" : "https://github.com/manolofdez/AsyncBluetooth",
      "state" : {
        "revision" : "9ed2461064d158297b7450722e0883332f623751",
        "version" : "1.9.0"
      }
    },
    {
      "identity" : "breez-sdk-swift",
      "kind" : "remoteSourceControl",
      "location" : "https://github.com/breez/breez-sdk-swift",
      "state" : {
        "revision" : "c1e2fd2e74a0a50e47138d916a75ad93b8be7da1",
        "version" : "0.8.0"
      }
    },
    {
      "identity" : "charts",
      "kind" : "remoteSourceControl",
      "location" : "https://github.com/danielgindi/Charts.git",
      "state" : {
        "revision" : "dd9c72e3d7e751e769971092a6bd72d39198ae63",
        "version" : "5.1.0"
      }
    },
    {
      "identity" : "commonui_sdk_ios",
      "kind" : "remoteSourceControl",
      "location" : "https://github.com/zendesk/commonui_sdk_ios",
      "state" : {
        "revision" : "fb58b008ebf81c209aab95fd615a7f04bd917163",
        "version" : "8.0.0"
      }
    },
    {
      "identity" : "core_sdk_ios",
      "kind" : "remoteSourceControl",
      "location" : "https://github.com/zendesk/core_sdk_ios",
      "state" : {
        "revision" : "15fab6b53b33c194956b56aba70b9ee3f00901c0",
        "version" : "4.0.0"
      }
    },
    {
      "identity" : "countly-sdk-ios",
      "kind" : "remoteSourceControl",
      "location" : "https://github.com/angelix/countly-sdk-ios",
      "state" : {
        "revision" : "1892410d13fceccd7cf91f803f06f110efc215b3"
      }
    },
    {
      "identity" : "firebase-ios-sdk",
      "kind" : "remoteSourceControl",
      "location" : "https://github.com/firebase/firebase-ios-sdk",
      "state" : {
        "revision" : "2e4a4daac9da51f79c131e76cb47e785dd7708c4",
        "version" : "11.10.0"
      }
    },
    {
      "identity" : "googleappmeasurement",
      "kind" : "remoteSourceControl",
      "location" : "https://github.com/google/GoogleAppMeasurement.git",
      "state" : {
        "revision" : "defe1970a9099d47765592ebd7ac5f5e9fdb57c6",
        "version" : "11.10.0"
      }
    },
    {
      "identity" : "googledatatransport",
      "kind" : "remoteSourceControl",
      "location" : "https://github.com/google/GoogleDataTransport.git",
      "state" : {
        "revision" : "617af071af9aa1d6a091d59a202910ac482128f9",
        "version" : "10.1.0"
      }
    },
    {
      "identity" : "googleutilities",
      "kind" : "remoteSourceControl",
      "location" : "https://github.com/google/GoogleUtilities.git",
      "state" : {
        "revision" : "60da361632d0de02786f709bdc0c4df340f7613e",
        "version" : "8.1.0"
      }
    },
    {
      "identity" : "grpc-binary",
      "kind" : "remoteSourceControl",
      "location" : "https://github.com/google/grpc-binary.git",
      "state" : {
        "revision" : "75b31c842f664a0f46a2e590a570e370249fd8f6",
        "version" : "1.69.1"
      }
    },
    {
      "identity" : "gtm-session-fetcher",
      "kind" : "remoteSourceControl",
      "location" : "https://github.com/google/gtm-session-fetcher.git",
      "state" : {
        "revision" : "c756a29784521063b6a1202907e2cc47f41b667c",
        "version" : "4.5.0"
      }
    },
    {
      "identity" : "interop-ios-for-google-sdks",
      "kind" : "remoteSourceControl",
      "location" : "https://github.com/google/interop-ios-for-google-sdks.git",
      "state" : {
        "revision" : "040d087ac2267d2ddd4cca36c757d1c6a05fdbfe",
        "version" : "101.0.0"
      }
    },
    {
      "identity" : "leveldb",
      "kind" : "remoteSourceControl",
      "location" : "https://github.com/firebase/leveldb.git",
      "state" : {
        "revision" : "a0bc79961d7be727d258d33d5a6b2f1023270ba1",
        "version" : "1.22.5"
      }
    },
    {
      "identity" : "lwk-swift",
      "kind" : "remoteSourceControl",
      "location" : "https://github.com/blockstream/lwk-swift",
      "state" : {
        "revision" : "a1d01f0bd0a8fcab9f19ab16b8a6e477ce405a40",
        "version" : "0.12.7"
      }
    },
    {
      "identity" : "messaging_sdk_ios",
      "kind" : "remoteSourceControl",
      "location" : "https://github.com/zendesk/messaging_sdk_ios",
      "state" : {
        "revision" : "6149dff5446e6c5de5c6a020d3dcd67c52e75169",
        "version" : "5.0.0"
      }
    },
    {
      "identity" : "messagingapi_sdk_ios",
      "kind" : "remoteSourceControl",
      "location" : "https://github.com/zendesk/messagingapi_sdk_ios",
      "state" : {
        "revision" : "cf9be0454a1524244ab41a4f2c0f53e80da413d6",
        "version" : "5.0.0"
      }
    },
    {
      "identity" : "nanopb",
      "kind" : "remoteSourceControl",
      "location" : "https://github.com/firebase/nanopb.git",
      "state" : {
        "revision" : "b7e1104502eca3a213b46303391ca4d3bc8ddec1",
        "version" : "2.30910.0"
      }
    },
    {
      "identity" : "promises",
      "kind" : "remoteSourceControl",
      "location" : "https://github.com/google/promises.git",
      "state" : {
        "revision" : "540318ecedd63d883069ae7f1ed811a2df00b6ac",
        "version" : "2.4.0"
      }
    },
    {
      "identity" : "rive-ios",
      "kind" : "remoteSourceControl",
      "location" : "https://github.com/rive-app/rive-ios",
      "state" : {
        "revision" : "950601d4240ff4ba4b79bfea1b9e60b3976fc05a",
        "version" : "3.1.10"
      }
    },
    {
      "identity" : "screenshield",
      "kind" : "remoteSourceControl",
      "location" : "https://github.com/JayantBadlani/ScreenShield",
      "state" : {
        "revision" : "9586e6a305426398250e0bdc19cbd463437f1af1",
        "version" : "1.2.2"
      }
    },
    {
      "identity" : "sdkconfigurations_sdk_ios",
      "kind" : "remoteSourceControl",
      "location" : "https://github.com/zendesk/sdkconfigurations_sdk_ios",
      "state" : {
        "revision" : "25ebb9ae75aef4451a94165b0b34ab9562647680",
        "version" : "3.0.0"
      }
    },
    {
      "identity" : "semaphore",
      "kind" : "remoteSourceControl",
      "location" : "https://github.com/groue/Semaphore",
      "state" : {
        "revision" : "f1c4a0acabeb591068dea6cffdd39660b86dec28",
        "version" : "0.0.8"
      }
    },
    {
      "identity" : "support_providers_sdk_ios",
      "kind" : "remoteSourceControl",
      "location" : "https://github.com/zendesk/support_providers_sdk_ios",
      "state" : {
        "revision" : "55f514d69ec762838ea625e95b222111ad858ab8",
        "version" : "7.0.0"
      }
    },
    {
      "identity" : "support_sdk_ios",
      "kind" : "remoteSourceControl",
      "location" : "https://github.com/zendesk/support_sdk_ios",
      "state" : {
        "revision" : "caaefa4ca8d4f3ebf7a1b0443990672a183af11a",
        "version" : "7.0.0"
      }
    },
    {
      "identity" : "swift-protobuf",
      "kind" : "remoteSourceControl",
      "location" : "https://github.com/apple/swift-protobuf.git",
      "state" : {
        "revision" : "c6fe6442e6a64250495669325044052e113e990c",
        "version" : "1.32.0"
      }
    },
    {
      "identity" : "swiftcbor",
      "kind" : "remoteSourceControl",
      "location" : "https://github.com/valpackett/SwiftCBOR",
      "state" : {
        "revision" : "98a59c305cca5c5367c3422d5e127661d4e76e24",
        "version" : "0.4.5"
      }
    }
  ],
  "version" : 3
}
