{
  "object": {
    "pins": [
      {
        "package": "PromiseKit",
        "repositoryURL": "https://github.com/mxcl/PromiseKit",
        "state": {
          "branch": null,
          "revision": "264ba1f22e05339b6376587a9533f436ca65dc97",
          "version": "6.3.3"
        }
      }
    ]
  },
  "version": 1
}
